
Microsoft Visual Studio Solution File, Format Version 12.00
# Visual Studio Version 16
VisualStudioVersion = 16.0.31729.503
MinimumVisualStudioVersion = 10.0.40219.1
Project("{FAE04EC0-301F-11D3-BF4B-00C04F79EFBC}") = "FactuurApp", "FactuurApp\FactuurApp.csproj", "{35D69459-979A-4DC3-855E-49F3DA697CDB}"
EndProject
Global
	GlobalSection(SolutionConfigurationPlatforms) = preSolution
		Debug|Any CPU = Debug|Any CPU
		Release|Any CPU = Release|Any CPU
	EndGlobalSection
	GlobalSection(ProjectConfigurationPlatforms) = postSolution
		{35D69459-979A-4DC3-855E-49F3DA697CDB}.Debug|Any CPU.ActiveCfg = Debug|Any CPU
		{35D69459-979A-4DC3-855E-49F3DA697CDB}.Debug|Any CPU.Build.0 = Debug|Any CPU
		{35D69459-979A-4DC3-855E-49F3DA697CDB}.Release|Any CPU.ActiveCfg = Release|Any CPU
		{35D69459-979A-4DC3-855E-49F3DA697CDB}.Release|Any CPU.Build.0 = Release|Any CPU
	EndGlobalSection
	GlobalSection(SolutionProperties) = preSolution
		HideSolutionNode = FALSE
	EndGlobalSection
	GlobalSection(ExtensibilityGlobals) = postSolution
		SolutionGuid = {F2A6C598-6968-4978-A28E-FF6143112BFB}
	EndGlobalSection
EndGlobal
